
Microsoft Visual Studio Solution File, Format Version 12.00
# Visual Studio Version 17
VisualStudioVersion = 17.1.32228.430
MinimumVisualStudioVersion = 10.0.40219.1
Project("{FAE04EC0-301F-11D3-BF4B-00C04F79EFBC}") = "GroupChatClient", "GroupChatClient\GroupChatClient.csproj", "{A647405D-20C6-40AA-A040-ABC3BB0FADD8}"
EndProject
Global
	GlobalSection(SolutionConfigurationPlatforms) = preSolution
		Debug|Any CPU = Debug|Any CPU
		Release|Any CPU = Release|Any CPU
	EndGlobalSection
	GlobalSection(ProjectConfigurationPlatforms) = postSolution
		{A647405D-20C6-40AA-A040-ABC3BB0FADD8}.Debug|Any CPU.ActiveCfg = Debug|Any CPU
		{A647405D-20C6-40AA-A040-ABC3BB0FADD8}.Debug|Any CPU.Build.0 = Debug|Any CPU
		{A647405D-20C6-40AA-A040-ABC3BB0FADD8}.Release|Any CPU.ActiveCfg = Release|Any CPU
		{A647405D-20C6-40AA-A040-ABC3BB0FADD8}.Release|Any CPU.Build.0 = Release|Any CPU
	EndGlobalSection
	GlobalSection(SolutionProperties) = preSolution
		HideSolutionNode = FALSE
	EndGlobalSection
	GlobalSection(ExtensibilityGlobals) = postSolution
		SolutionGuid = {4271CEA0-9C2D-43FA-826F-05DD3AC5A03F}
	EndGlobalSection
EndGlobal
