
Microsoft Visual Studio Solution File, Format Version 12.00
# Visual Studio Version 17
VisualStudioVersion = 17.1.32228.430
MinimumVisualStudioVersion = 10.0.40219.1
Project("{FAE04EC0-301F-11D3-BF4B-00C04F79EFBC}") = "OleDbTest", "OleDbTest\OleDbTest.csproj", "{AC62D3F2-8897-4366-AEB7-82D372759967}"
EndProject
Global
	GlobalSection(SolutionConfigurationPlatforms) = preSolution
		Debug|Any CPU = Debug|Any CPU
		Release|Any CPU = Release|Any CPU
	EndGlobalSection
	GlobalSection(ProjectConfigurationPlatforms) = postSolution
		{AC62D3F2-8897-4366-AEB7-82D372759967}.Debug|Any CPU.ActiveCfg = Debug|Any CPU
		{AC62D3F2-8897-4366-AEB7-82D372759967}.Debug|Any CPU.Build.0 = Debug|Any CPU
		{AC62D3F2-8897-4366-AEB7-82D372759967}.Release|Any CPU.ActiveCfg = Release|Any CPU
		{AC62D3F2-8897-4366-AEB7-82D372759967}.Release|Any CPU.Build.0 = Release|Any CPU
	EndGlobalSection
	GlobalSection(SolutionProperties) = preSolution
		HideSolutionNode = FALSE
	EndGlobalSection
	GlobalSection(ExtensibilityGlobals) = postSolution
		SolutionGuid = {42F66DCE-1C5D-4046-8268-E9EBB2A23E9A}
	EndGlobalSection
EndGlobal
